{
  "lockfileVersion": 1,
  "workspaces": {
    "": {
      "name": "bun-hello-world",
      "dependencies": {
        "@aws-sdk/client-s3": "^3.700.0",
        "hono": "^4.7.0",
        "ioredis": "^5.4.2",
        "nats": "^2.29.0",
        "postgres": "^3.4.5",
      },
      "devDependencies": {
        "@types/bun": "latest",
        "typescript": "^5.7.0",
      },
    },
  },
  "packages": {
    "@aws-crypto/crc32": ["@aws-crypto/crc32@5.2.0", "", { "dependencies": { "@aws-crypto/util": "^5.2.0", "@aws-sdk/types": "^3.222.0", "tslib": "^2.6.2" } }, "sha512-nLbCWqQNgUiwwtFsen1AdzAtvuLRsQS8rYgMuxCrdKf9kOssamGLuPwyTY9wyYblNr9+1XM8v6zoDTPPSIeANg=="],

    "@aws-crypto/crc32c": ["@aws-crypto/crc32c@5.2.0", "", { "dependencies": { "@aws-crypto/util": "^5.2.0", "@aws-sdk/types": "^3.222.0", "tslib": "^2.6.2" } }, "sha512-+iWb8qaHLYKrNvGRbiYRHSdKRWhto5XlZUEBwDjYNf+ly5SVYG6zEoYIdxvf5R3zyeP16w4PLBn3rH1xc74Rag=="],

    "@aws-crypto/sha1-browser": ["@aws-crypto/sha1-browser@5.2.0", "", { "dependencies": { "@aws-crypto/supports-web-crypto": "^5.2.0", "@aws-crypto/util": "^5.2.0", "@aws-sdk/types": "^3.222.0", "@aws-sdk/util-locate-window": "^3.0.0", "@smithy/util-utf8": "^2.0.0", "tslib": "^2.6.2" } }, "sha512-OH6lveCFfcDjX4dbAvCFSYUjJZjDr/3XJ3xHtjn3Oj5b9RjojQo8npoLeA/bNwkOkrSQ0wgrHzXk4tDRxGKJeg=="],

    "@aws-crypto/sha256-browser": ["@aws-crypto/sha256-browser@5.2.0", "", { "dependencies": { "@aws-crypto/sha256-js": "^5.2.0", "@aws-crypto/supports-web-crypto": "^5.2.0", "@aws-crypto/util": "^5.2.0", "@aws-sdk/types": "^3.222.0", "@aws-sdk/util-locate-window": "^3.0.0", "@smithy/util-utf8": "^2.0.0", "tslib": "^2.6.2" } }, "sha512-AXfN/lGotSQwu6HNcEsIASo7kWXZ5HYWvfOmSNKDsEqC4OashTp8alTmaz+F7TC2L083SFv5RdB+qU3Vs1kZqw=="],

    "@aws-crypto/sha256-js": ["@aws-crypto/sha256-js@5.2.0", "", { "dependencies": { "@aws-crypto/util": "^5.2.0", "@aws-sdk/types": "^3.222.0", "tslib": "^2.6.2" } }, "sha512-FFQQyu7edu4ufvIZ+OadFpHHOt+eSTBaYaki44c+akjg7qZg9oOQeLlk77F6tSYqjDAFClrHJk9tMf0HdVyOvA=="],

    "@aws-crypto/supports-web-crypto": ["@aws-crypto/supports-web-crypto@5.2.0", "", { "dependencies": { "tslib": "^2.6.2" } }, "sha512-iAvUotm021kM33eCdNfwIN//F77/IADDSs58i+MDaOqFrVjZo9bAal0NK7HurRuWLLpF1iLX7gbWrjHjeo+YFg=="],

    "@aws-crypto/util": ["@aws-crypto/util@5.2.0", "", { "dependencies": { "@aws-sdk/types": "^3.222.0", "@smithy/util-utf8": "^2.0.0", "tslib": "^2.6.2" } }, "sha512-4RkU9EsI6ZpBve5fseQlGNUWKMa1RLPQ1dnjnQoe07ldfIzcsGb5hC5W0Dm7u423KWzawlrpbjXBrXCEv9zazQ=="],

    "@aws-sdk/client-s3": ["@aws-sdk/client-s3@3.997.0", "", { "dependencies": { "@aws-crypto/sha1-browser": "5.2.0", "@aws-crypto/sha256-browser": "5.2.0", "@aws-crypto/sha256-js": "5.2.0", "@aws-sdk/core": "^3.973.13", "@aws-sdk/credential-provider-node": "^3.972.12", "@aws-sdk/middleware-bucket-endpoint": "^3.972.4", "@aws-sdk/middleware-expect-continue": "^3.972.4", "@aws-sdk/middleware-flexible-checksums": "^3.972.11", "@aws-sdk/middleware-host-header": "^3.972.4", "@aws-sdk/middleware-location-constraint": "^3.972.4", "@aws-sdk/middleware-logger": "^3.972.4", "@aws-sdk/middleware-recursion-detection": "^3.972.4", "@aws-sdk/middleware-sdk-s3": "^3.972.13", "@aws-sdk/middleware-ssec": "^3.972.4", "@aws-sdk/middleware-user-agent": "^3.972.13", "@aws-sdk/region-config-resolver": "^3.972.4", "@aws-sdk/signature-v4-multi-region": "^3.996.1", "@aws-sdk/types": "^3.973.2", "@aws-sdk/util-endpoints": "^3.996.1", "@aws-sdk/util-user-agent-browser": "^3.972.4", "@aws-sdk/util-user-agent-node": "^3.972.12", "@smithy/config-resolver": "^4.4.7", "@smithy/core": "^3.23.4", "@smithy/eventstream-serde-browser": "^4.2.9", "@smithy/eventstream-serde-config-resolver": "^4.3.9", "@smithy/eventstream-serde-node": "^4.2.9", "@smithy/fetch-http-handler": "^5.3.10", "@smithy/hash-blob-browser": "^4.2.10", "@smithy/hash-node": "^4.2.9", "@smithy/hash-stream-node": "^4.2.9", "@smithy/invalid-dependency": "^4.2.9", "@smithy/md5-js": "^4.2.9", "@smithy/middleware-content-length": "^4.2.9", "@smithy/middleware-endpoint": "^4.4.18", "@smithy/middleware-retry": "^4.4.35", "@smithy/middleware-serde": "^4.2.10", "@smithy/middleware-stack": "^4.2.9", "@smithy/node-config-provider": "^4.3.9", "@smithy/node-http-handler": "^4.4.11", "@smithy/protocol-http": "^5.3.9", "@smithy/smithy-client": "^4.11.7", "@smithy/types": "^4.12.1", "@smithy/url-parser": "^4.2.9", "@smithy/util-base64": "^4.3.1", "@smithy/util-body-length-browser": "^4.2.1", "@smithy/util-body-length-node": "^4.2.2", "@smithy/util-defaults-mode-browser": "^4.3.34", "@smithy/util-defaults-mode-node": "^4.2.37", "@smithy/util-endpoints": "^3.2.9", "@smithy/util-middleware": "^4.2.9", "@smithy/util-retry": "^4.2.9", "@smithy/util-stream": "^4.5.14", "@smithy/util-utf8": "^4.2.1", "@smithy/util-waiter": "^4.2.9", "tslib": "^2.6.2" } }, "sha512-a4z12iq/bJVJXfVOOKsYMDhxZwf+n8xieCuW+zI07qtRAuMiKr2vUtHPBbKncrF+hqnsq/Wmh48bu2yziGhIbg=="],

    "@aws-sdk/core": ["@aws-sdk/core@3.973.13", "", { "dependencies": { "@aws-sdk/types": "^3.973.2", "@aws-sdk/xml-builder": "^3.972.6", "@smithy/core": "^3.23.4", "@smithy/node-config-provider": "^4.3.9", "@smithy/property-provider": "^4.2.9", "@smithy/protocol-http": "^5.3.9", "@smithy/signature-v4": "^5.3.9", "@smithy/smithy-client": "^4.11.7", "@smithy/types": "^4.12.1", "@smithy/util-base64": "^4.3.1", "@smithy/util-middleware": "^4.2.9", "@smithy/util-utf8": "^4.2.1", "tslib": "^2.6.2" } }, "sha512-eCFiLyBhJR7c/i8hZOETdzj2wsLFzi2L/w9/jajOgwmGqO8xrUExqkTZqdjROkwU62owqeqSuw4sIzlCv1E/ww=="],

    "@aws-sdk/crc64-nvme": ["@aws-sdk/crc64-nvme@3.972.1", "", { "dependencies": { "@smithy/types": "^4.12.1", "tslib": "^2.6.2" } }, "sha512-CmT9RrQol36hUdvp4dk+BRV47JBRIE+I46yAOKyb/SoMH7mKOBwk6jUpFZhF8B+LCnWnefnM6jT/WsfQ5M1kCQ=="],

    "@aws-sdk/credential-provider-env": ["@aws-sdk/credential-provider-env@3.972.11", "", { "dependencies": { "@aws-sdk/core": "^3.973.13", "@aws-sdk/types": "^3.973.2", "@smithy/property-provider": "^4.2.9", "@smithy/types": "^4.12.1", "tslib": "^2.6.2" } }, "sha512-hbyoFuVm3qOAGfIPS9t7jCs8GFLFoaOs8ZmYp/chqciuHDyEGv+J365ip7YSvXSrxxUbeW9NyB1hTLt40NBMRg=="],

    "@aws-sdk/credential-provider-http": ["@aws-sdk/credential-provider-http@3.972.13", "", { "dependencies": { "@aws-sdk/core": "^3.973.13", "@aws-sdk/types": "^3.973.2", "@smithy/fetch-http-handler": "^5.3.10", "@smithy/node-http-handler": "^4.4.11", "@smithy/property-provider": "^4.2.9", "@smithy/protocol-http": "^5.3.9", "@smithy/smithy-client": "^4.11.7", "@smithy/types": "^4.12.1", "@smithy/util-stream": "^4.5.14", "tslib": "^2.6.2" } }, "sha512-a864QxQWFkdCZ5wQF0QZNKTbqAc/DFQNeARp4gOyZZdql5RHjj4CppUSfwAzS9cpw2IPY3eeJjWqLZ1QiDB/6w=="],

    "@aws-sdk/credential-provider-ini": ["@aws-sdk/credential-provider-ini@3.972.11", "", { "dependencies": { "@aws-sdk/core": "^3.973.13", "@aws-sdk/credential-provider-env": "^3.972.11", "@aws-sdk/credential-provider-http": "^3.972.13", "@aws-sdk/credential-provider-login": "^3.972.11", "@aws-sdk/credential-provider-process": "^3.972.11", "@aws-sdk/credential-provider-sso": "^3.972.11", "@aws-sdk/credential-provider-web-identity": "^3.972.11", "@aws-sdk/nested-clients": "^3.996.1", "@aws-sdk/types": "^3.973.2", "@smithy/credential-provider-imds": "^4.2.9", "@smithy/property-provider": "^4.2.9", "@smithy/shared-ini-file-loader": "^4.4.4", "@smithy/types": "^4.12.1", "tslib": "^2.6.2" } }, "sha512-kvPFn626ABLzxmjFMoqMRtmFKMeiUdWPhwxhmuPu233tqHnNuXzHv0MtrZlkzHd+rwlh9j0zCbQo89B54wIazQ=="],

    "@aws-sdk/credential-provider-login": ["@aws-sdk/credential-provider-login@3.972.11", "", { "dependencies": { "@aws-sdk/core": "^3.973.13", "@aws-sdk/nested-clients": "^3.996.1", "@aws-sdk/types": "^3.973.2", "@smithy/property-provider": "^4.2.9", "@smithy/protocol-http": "^5.3.9", "@smithy/shared-ini-file-loader": "^4.4.4", "@smithy/types": "^4.12.1", "tslib": "^2.6.2" } }, "sha512-stdy09EpBTmsxGiXe1vB5qtXNww9wact36/uWLlSV0/vWbCOUAY2JjhPXoDVLk8n+E6r0M5HeZseLk+iTtifxg=="],

    "@aws-sdk/credential-provider-node": ["@aws-sdk/credential-provider-node@3.972.12", "", { "dependencies": { "@aws-sdk/credential-provider-env": "^3.972.11", "@aws-sdk/credential-provider-http": "^3.972.13", "@aws-sdk/credential-provider-ini": "^3.972.11", "@aws-sdk/credential-provider-process": "^3.972.11", "@aws-sdk/credential-provider-sso": "^3.972.11", "@aws-sdk/credential-provider-web-identity": "^3.972.11", "@aws-sdk/types": "^3.973.2", "@smithy/credential-provider-imds": "^4.2.9", "@smithy/property-provider": "^4.2.9", "@smithy/shared-ini-file-loader": "^4.4.4", "@smithy/types": "^4.12.1", "tslib": "^2.6.2" } }, "sha512-gMWGnHbNSKWRj+PAiuSg0EDpEwpyIgk0v9U6EuZ1C/5/BUv25Way+E+UFB7r+YYkscuBJMJ+ai8E2K0Q8dx50g=="],

    "@aws-sdk/credential-provider-process": ["@aws-sdk/credential-provider-process@3.972.11", "", { "dependencies": { "@aws-sdk/core": "^3.973.13", "@aws-sdk/types": "^3.973.2", "@smithy/property-provider": "^4.2.9", "@smithy/shared-ini-file-loader": "^4.4.4", "@smithy/types": "^4.12.1", "tslib": "^2.6.2" } }, "sha512-B049fvbv41vf0Fs5bCtbzHpruBDp61sPiFDxUmkAJ/zvgSAturpj2rqzV1rj2clg4mb44Uxp9rgpcODexNFlFA=="],

    "@aws-sdk/credential-provider-sso": ["@aws-sdk/credential-provider-sso@3.972.11", "", { "dependencies": { "@aws-sdk/core": "^3.973.13", "@aws-sdk/nested-clients": "^3.996.1", "@aws-sdk/token-providers": "3.997.0", "@aws-sdk/types": "^3.973.2", "@smithy/property-provider": "^4.2.9", "@smithy/shared-ini-file-loader": "^4.4.4", "@smithy/types": "^4.12.1", "tslib": "^2.6.2" } }, "sha512-vX9z8skN8vPtamVWmSCm4KQohub+1uMuRzIo4urZ2ZUMBAl1bqHatVD/roCb3qRfAyIGvZXCA/AWS03BQRMyCQ=="],

    "@aws-sdk/credential-provider-web-identity": ["@aws-sdk/credential-provider-web-identity@3.972.11", "", { "dependencies": { "@aws-sdk/core": "^3.973.13", "@aws-sdk/nested-clients": "^3.996.1", "@aws-sdk/types": "^3.973.2", "@smithy/property-provider": "^4.2.9", "@smithy/shared-ini-file-loader": "^4.4.4", "@smithy/types": "^4.12.1", "tslib": "^2.6.2" } }, "sha512-VR2Ju/QBdOjnWNIYuxRml63eFDLGc6Zl8aDwLi1rzgWo3rLBgtaWhWVBAijhVXzyPdQIOqdL8hvll5ybqumjeQ=="],

    "@aws-sdk/middleware-bucket-endpoint": ["@aws-sdk/middleware-bucket-endpoint@3.972.4", "", { "dependencies": { "@aws-sdk/types": "^3.973.2", "@aws-sdk/util-arn-parser": "^3.972.2", "@smithy/node-config-provider": "^4.3.9", "@smithy/protocol-http": "^5.3.9", "@smithy/types": "^4.12.1", "@smithy/util-config-provider": "^4.2.1", "tslib": "^2.6.2" } }, "sha512-4W+1SPx5eWetSurqk7WNnldNr++k4UYcP2XmPnCf8yLFdUZ4NKKJA3j+zVuWmhOu7xKmEAyo9j3f+cy22CEVKg=="],

    "@aws-sdk/middleware-expect-continue": ["@aws-sdk/middleware-expect-continue@3.972.4", "", { "dependencies": { "@aws-sdk/types": "^3.973.2", "@smithy/protocol-http": "^5.3.9", "@smithy/types": "^4.12.1", "tslib": "^2.6.2" } }, "sha512-lxU2ieIWtK9nqWxA+W4ldev31tRPjkkdt+QDBWGiwUNJsNwSJFVhkuIV9cbBPxTCT0nmYyJwvJ/2TYYJLMwmMA=="],

    "@aws-sdk/middleware-flexible-checksums": ["@aws-sdk/middleware-flexible-checksums@3.972.11", "", { "dependencies": { "@aws-crypto/crc32": "5.2.0", "@aws-crypto/crc32c": "5.2.0", "@aws-crypto/util": "5.2.0", "@aws-sdk/core": "^3.973.13", "@aws-sdk/crc64-nvme": "^3.972.1", "@aws-sdk/types": "^3.973.2", "@smithy/is-array-buffer": "^4.2.1", "@smithy/node-config-provider": "^4.3.9", "@smithy/protocol-http": "^5.3.9", "@smithy/types": "^4.12.1", "@smithy/util-middleware": "^4.2.9", "@smithy/util-stream": "^4.5.14", "@smithy/util-utf8": "^4.2.1", "tslib": "^2.6.2" } }, "sha512-niA/vhtS/xR4hEHIsPLEvgsccpqve+uJ4Gtizctsa21HfHmIZi5bWJD8kPcN+SfAgrlnuBG2YKFX0rRbzylg7A=="],

    "@aws-sdk/middleware-host-header": ["@aws-sdk/middleware-host-header@3.972.4", "", { "dependencies": { "@aws-sdk/types": "^3.973.2", "@smithy/protocol-http": "^5.3.9", "@smithy/types": "^4.12.1", "tslib": "^2.6.2" } }, "sha512-4q2Vg7/zOB10huDBLjzzTwVjBpG22X3J3ief2XrJEgTaANZrNfA3/cGbCVNAibSbu/nIYA7tDk8WCdsIzDDc4Q=="],

    "@aws-sdk/middleware-location-constraint": ["@aws-sdk/middleware-location-constraint@3.972.4", "", { "dependencies": { "@aws-sdk/types": "^3.973.2", "@smithy/types": "^4.12.1", "tslib": "^2.6.2" } }, "sha512-EP1qs0JV2smcKhZpwDMuzMBx9Q5qyU/RuZ02/qh/yBA3jnZKuNhB1lsQKkicvXg7LOeoqyxXLKOP/PJOugX8yg=="],

    "@aws-sdk/middleware-logger": ["@aws-sdk/middleware-logger@3.972.4", "", { "dependencies": { "@aws-sdk/types": "^3.973.2", "@smithy/types": "^4.12.1", "tslib": "^2.6.2" } }, "sha512-xFqPvTysuZAHSkdygT+ken/5rzkR7fhOoDPejAJQslZpp0XBepmCJnDOqA57ERtCTBpu8wpjTFI1ETd4S0AXEw=="],

    "@aws-sdk/middleware-recursion-detection": ["@aws-sdk/middleware-recursion-detection@3.972.4", "", { "dependencies": { "@aws-sdk/types": "^3.973.2", "@aws/lambda-invoke-store": "^0.2.2", "@smithy/protocol-http": "^5.3.9", "@smithy/types": "^4.12.1", "tslib": "^2.6.2" } }, "sha512-tVbRaayUZ7y2bOb02hC3oEPTqQf2A0HpPDwdMl1qTmye/q8Mq1F1WiIoFkQwG/YQFvbyErYIDMbYzIlxzzLtjQ=="],

    "@aws-sdk/middleware-sdk-s3": ["@aws-sdk/middleware-sdk-s3@3.972.13", "", { "dependencies": { "@aws-sdk/core": "^3.973.13", "@aws-sdk/types": "^3.973.2", "@aws-sdk/util-arn-parser": "^3.972.2", "@smithy/core": "^3.23.4", "@smithy/node-config-provider": "^4.3.9", "@smithy/protocol-http": "^5.3.9", "@smithy/signature-v4": "^5.3.9", "@smithy/smithy-client": "^4.11.7", "@smithy/types": "^4.12.1", "@smithy/util-config-provider": "^4.2.1", "@smithy/util-middleware": "^4.2.9", "@smithy/util-stream": "^4.5.14", "@smithy/util-utf8": "^4.2.1", "tslib": "^2.6.2" } }, "sha512-rGBz1n6PFxg1+5mnN1/IczesPwx0W39DZt2JPjqPiZAZ7LAqH8FS4AsawSNZqr+UFJfqtTXYpeLQnMfbMAgHhg=="],

    "@aws-sdk/middleware-ssec": ["@aws-sdk/middleware-ssec@3.972.4", "", { "dependencies": { "@aws-sdk/types": "^3.973.2", "@smithy/types": "^4.12.1", "tslib": "^2.6.2" } }, "sha512-jzysKNnfwqjTOeF4s1QcxYQ8WB1ZIw/KMhOAX2UGYsmpVPHZ1cV6IYRfBQnt0qnDYom1pU3b5jOG8TA9n6LAbQ=="],

    "@aws-sdk/middleware-user-agent": ["@aws-sdk/middleware-user-agent@3.972.13", "", { "dependencies": { "@aws-sdk/core": "^3.973.13", "@aws-sdk/types": "^3.973.2", "@aws-sdk/util-endpoints": "^3.996.1", "@smithy/core": "^3.23.4", "@smithy/protocol-http": "^5.3.9", "@smithy/types": "^4.12.1", "tslib": "^2.6.2" } }, "sha512-p1kVYbzBxRmhuOHoL/ANJPCedqUxnVgkEjxPoxt5pQv/yzppHM7aBWciYEE9TZY59M421D3GjLfZIZBoEFboVQ=="],

    "@aws-sdk/nested-clients": ["@aws-sdk/nested-clients@3.996.1", "", { "dependencies": { "@aws-crypto/sha256-browser": "5.2.0", "@aws-crypto/sha256-js": "5.2.0", "@aws-sdk/core": "^3.973.13", "@aws-sdk/middleware-host-header": "^3.972.4", "@aws-sdk/middleware-logger": "^3.972.4", "@aws-sdk/middleware-recursion-detection": "^3.972.4", "@aws-sdk/middleware-user-agent": "^3.972.13", "@aws-sdk/region-config-resolver": "^3.972.4", "@aws-sdk/types": "^3.973.2", "@aws-sdk/util-endpoints": "^3.996.1", "@aws-sdk/util-user-agent-browser": "^3.972.4", "@aws-sdk/util-user-agent-node": "^3.972.12", "@smithy/config-resolver": "^4.4.7", "@smithy/core": "^3.23.4", "@smithy/fetch-http-handler": "^5.3.10", "@smithy/hash-node": "^4.2.9", "@smithy/invalid-dependency": "^4.2.9", "@smithy/middleware-content-length": "^4.2.9", "@smithy/middleware-endpoint": "^4.4.18", "@smithy/middleware-retry": "^4.4.35", "@smithy/middleware-serde": "^4.2.10", "@smithy/middleware-stack": "^4.2.9", "@smithy/node-config-provider": "^4.3.9", "@smithy/node-http-handler": "^4.4.11", "@smithy/protocol-http": "^5.3.9", "@smithy/smithy-client": "^4.11.7", "@smithy/types": "^4.12.1", "@smithy/url-parser": "^4.2.9", "@smithy/util-base64": "^4.3.1", "@smithy/util-body-length-browser": "^4.2.1", "@smithy/util-body-length-node": "^4.2.2", "@smithy/util-defaults-mode-browser": "^4.3.34", "@smithy/util-defaults-mode-node": "^4.2.37", "@smithy/util-endpoints": "^3.2.9", "@smithy/util-middleware": "^4.2.9", "@smithy/util-retry": "^4.2.9", "@smithy/util-utf8": "^4.2.1", "tslib": "^2.6.2" } }, "sha512-XHVLFRGkuV2gh2uwBahCt65ALMb5wMpqplXEZIvFnWOCPlk60B7h7M5J9Em243K8iICDiWY6KhBEqVGfjTqlLA=="],

    "@aws-sdk/region-config-resolver": ["@aws-sdk/region-config-resolver@3.972.4", "", { "dependencies": { "@aws-sdk/types": "^3.973.2", "@smithy/config-resolver": "^4.4.7", "@smithy/node-config-provider": "^4.3.9", "@smithy/types": "^4.12.1", "tslib": "^2.6.2" } }, "sha512-3GrJYv5eI65oCKveBZP7Q246dVP+tqeys9aKMB0dfX1glUWfppWlxIu52derqdNb9BX9lxYmeiaBcBIqOAYSgQ=="],

    "@aws-sdk/signature-v4-multi-region": ["@aws-sdk/signature-v4-multi-region@3.996.1", "", { "dependencies": { "@aws-sdk/middleware-sdk-s3": "^3.972.13", "@aws-sdk/types": "^3.973.2", "@smithy/protocol-http": "^5.3.9", "@smithy/signature-v4": "^5.3.9", "@smithy/types": "^4.12.1", "tslib": "^2.6.2" } }, "sha512-Mj4npuEtVHFjGZHTBwhBvBzmgKHY7UsfroZWWzjpVP5YJaMTPeihsotuQLba5uQthEZyaeWs6dTu3Shr0qKFFw=="],

    "@aws-sdk/token-providers": ["@aws-sdk/token-providers@3.997.0", "", { "dependencies": { "@aws-sdk/core": "^3.973.13", "@aws-sdk/nested-clients": "^3.996.1", "@aws-sdk/types": "^3.973.2", "@smithy/property-provider": "^4.2.9", "@smithy/shared-ini-file-loader": "^4.4.4", "@smithy/types": "^4.12.1", "tslib": "^2.6.2" } }, "sha512-UdG36F7lU9aTqGFRieEyuRUJlgEJBqKeKKekC0esH21DbUSKhPR1kZBah214kYasIaWe1hLJLaqUigoTa5hZAQ=="],

    "@aws-sdk/types": ["@aws-sdk/types@3.973.2", "", { "dependencies": { "@smithy/types": "^4.12.1", "tslib": "^2.6.2" } }, "sha512-maTZwGsALtnAw4TJr/S6yERAosTwPduu0XhUV+SdbvRZtCOgSgk1ttL2R0XYzvkYSpvbtJocn77tBXq2AKglBw=="],

    "@aws-sdk/util-arn-parser": ["@aws-sdk/util-arn-parser@3.972.2", "", { "dependencies": { "tslib": "^2.6.2" } }, "sha512-VkykWbqMjlSgBFDyrY3nOSqupMc6ivXuGmvci6Q3NnLq5kC+mKQe2QBZ4nrWRE/jqOxeFP2uYzLtwncYYcvQDg=="],

    "@aws-sdk/util-endpoints": ["@aws-sdk/util-endpoints@3.996.1", "", { "dependencies": { "@aws-sdk/types": "^3.973.2", "@smithy/types": "^4.12.1", "@smithy/url-parser": "^4.2.9", "@smithy/util-endpoints": "^3.2.9", "tslib": "^2.6.2" } }, "sha512-7cJyd+M5i0IoqWkJa1KFx8KNCGIx+Ywu+lT53KpqX7ReVwz03DCKUqvZ/y65vdKwo9w9/HptSAeLDluO5MpGIg=="],

    "@aws-sdk/util-locate-window": ["@aws-sdk/util-locate-window@3.965.4", "", { "dependencies": { "tslib": "^2.6.2" } }, "sha512-H1onv5SkgPBK2P6JR2MjGgbOnttoNzSPIRoeZTNPZYyaplwGg50zS3amXvXqF0/qfXpWEC9rLWU564QTB9bSog=="],

    "@aws-sdk/util-user-agent-browser": ["@aws-sdk/util-user-agent-browser@3.972.4", "", { "dependencies": { "@aws-sdk/types": "^3.973.2", "@smithy/types": "^4.12.1", "bowser": "^2.11.0", "tslib": "^2.6.2" } }, "sha512-GHb+8XHv6hfLWKQKAKaSOm+vRvogg07s+FWtbR3+eCXXPSFn9XVmiYF4oypAxH7dGIvoxkVG/buHEnzYukyJiA=="],

    "@aws-sdk/util-user-agent-node": ["@aws-sdk/util-user-agent-node@3.972.12", "", { "dependencies": { "@aws-sdk/middleware-user-agent": "^3.972.13", "@aws-sdk/types": "^3.973.2", "@smithy/node-config-provider": "^4.3.9", "@smithy/types": "^4.12.1", "tslib": "^2.6.2" }, "peerDependencies": { "aws-crt": ">=1.0.0" }, "optionalPeers": ["aws-crt"] }, "sha512-c1n3wBK6te+Vd9qU86nF8AsYuiBsxLn0AADGWyFX7vEADr3btaAg5iPQT6GYj6rvzSOEVVisvaAatOWInlJUbQ=="],

    "@aws-sdk/xml-builder": ["@aws-sdk/xml-builder@3.972.6", "", { "dependencies": { "@smithy/types": "^4.12.1", "fast-xml-parser": "5.3.6", "tslib": "^2.6.2" } }, "sha512-YrXu+UnfC8IdARa4ZkrpcyuRmA/TVgYW6Lcdtvi34NQgRjM1hTirNirN+rGb+s/kNomby8oJiIAu0KNbiZC7PA=="],

    "@aws/lambda-invoke-store": ["@aws/lambda-invoke-store@0.2.3", "", {}, "sha512-oLvsaPMTBejkkmHhjf09xTgk71mOqyr/409NKhRIL08If7AhVfUsJhVsx386uJaqNd42v9kWamQ9lFbkoC2dYw=="],

    "@ioredis/commands": ["@ioredis/commands@1.5.0", "", {}, "sha512-eUgLqrMf8nJkZxT24JvVRrQya1vZkQh8BBeYNwGDqa5I0VUi8ACx7uFvAaLxintokpTenkK6DASvo/bvNbBGow=="],

    "@smithy/abort-controller": ["@smithy/abort-controller@4.2.10", "", { "dependencies": { "@smithy/types": "^4.13.0", "tslib": "^2.6.2" } }, "sha512-qocxM/X4XGATqQtUkbE9SPUB6wekBi+FyJOMbPj0AhvyvFGYEmOlz6VB22iMePCQsFmMIvFSeViDvA7mZJG47g=="],

    "@smithy/chunked-blob-reader": ["@smithy/chunked-blob-reader@5.2.1", "", { "dependencies": { "tslib": "^2.6.2" } }, "sha512-y5d4xRiD6TzeP5BWlb+Ig/VFqF+t9oANNhGeMqyzU7obw7FYgTgVi50i5JqBTeKp+TABeDIeeXFZdz65RipNtA=="],

    "@smithy/chunked-blob-reader-native": ["@smithy/chunked-blob-reader-native@4.2.2", "", { "dependencies": { "@smithy/util-base64": "^4.3.1", "tslib": "^2.6.2" } }, "sha512-QzzYIlf4yg0w5TQaC9VId3B3ugSk1MI/wb7tgcHtd7CBV9gNRKZrhc2EPSxSZuDy10zUZ0lomNMgkc6/VVe8xg=="],

    "@smithy/config-resolver": ["@smithy/config-resolver@4.4.9", "", { "dependencies": { "@smithy/node-config-provider": "^4.3.10", "@smithy/types": "^4.13.0", "@smithy/util-config-provider": "^4.2.1", "@smithy/util-endpoints": "^3.3.1", "@smithy/util-middleware": "^4.2.10", "tslib": "^2.6.2" } }, "sha512-ejQvXqlcU30h7liR9fXtj7PIAau1t/sFbJpgWPfiYDs7zd16jpH0IsSXKcba2jF6ChTXvIjACs27kNMc5xxE2Q=="],

    "@smithy/core": ["@smithy/core@3.23.6", "", { "dependencies": { "@smithy/middleware-serde": "^4.2.11", "@smithy/protocol-http": "^5.3.10", "@smithy/types": "^4.13.0", "@smithy/util-base64": "^4.3.1", "@smithy/util-body-length-browser": "^4.2.1", "@smithy/util-middleware": "^4.2.10", "@smithy/util-stream": "^4.5.15", "@smithy/util-utf8": "^4.2.1", "@smithy/uuid": "^1.1.1", "tslib": "^2.6.2" } }, "sha512-4xE+0L2NrsFKpEVFlFELkIHQddBvMbQ41LRIP74dGCXnY1zQ9DgksrBcRBDJT+iOzGy4VEJIeU3hkUK5mn06kg=="],

    "@smithy/credential-provider-imds": ["@smithy/credential-provider-imds@4.2.10", "", { "dependencies": { "@smithy/node-config-provider": "^4.3.10", "@smithy/property-provider": "^4.2.10", "@smithy/types": "^4.13.0", "@smithy/url-parser": "^4.2.10", "tslib": "^2.6.2" } }, "sha512-3bsMLJJLTZGZqVGGeBVFfLzuRulVsGTj12BzRKODTHqUABpIr0jMN1vN3+u6r2OfyhAQ2pXaMZWX/swBK5I6PQ=="],

    "@smithy/eventstream-codec": ["@smithy/eventstream-codec@4.2.10", "", { "dependencies": { "@aws-crypto/crc32": "5.2.0", "@smithy/types": "^4.13.0", "@smithy/util-hex-encoding": "^4.2.1", "tslib": "^2.6.2" } }, "sha512-A4ynrsFFfSXUHicfTcRehytppFBcY3HQxEGYiyGktPIOye3Ot7fxpiy4VR42WmtGI4Wfo6OXt/c1Ky1nUFxYYQ=="],

    "@smithy/eventstream-serde-browser": ["@smithy/eventstream-serde-browser@4.2.10", "", { "dependencies": { "@smithy/eventstream-serde-universal": "^4.2.10", "@smithy/types": "^4.13.0", "tslib": "^2.6.2" } }, "sha512-0xupsu9yj9oDVuQ50YCTS9nuSYhGlrwqdaKQel9y2Fz7LU9fNErVlw9N0o4pm4qqvWEGbSTI4HKc6XJfB30MVw=="],

    "@smithy/eventstream-serde-config-resolver": ["@smithy/eventstream-serde-config-resolver@4.3.10", "", { "dependencies": { "@smithy/types": "^4.13.0", "tslib": "^2.6.2" } }, "sha512-8kn6sinrduk0yaYHMJDsNuiFpXwQwibR7n/4CDUqn4UgaG+SeBHu5jHGFdU9BLFAM7Q4/gvr9RYxBHz9/jKrhA=="],

    "@smithy/eventstream-serde-node": ["@smithy/eventstream-serde-node@4.2.10", "", { "dependencies": { "@smithy/eventstream-serde-universal": "^4.2.10", "@smithy/types": "^4.13.0", "tslib": "^2.6.2" } }, "sha512-uUrxPGgIffnYfvIOUmBM5i+USdEBRTdh7mLPttjphgtooxQ8CtdO1p6K5+Q4BBAZvKlvtJ9jWyrWpBJYzBKsyQ=="],

    "@smithy/eventstream-serde-universal": ["@smithy/eventstream-serde-universal@4.2.10", "", { "dependencies": { "@smithy/eventstream-codec": "^4.2.10", "@smithy/types": "^4.13.0", "tslib": "^2.6.2" } }, "sha512-aArqzOEvcs2dK+xQVCgLbpJQGfZihw8SD4ymhkwNTtwKbnrzdhJsFDKuMQnam2kF69WzgJYOU5eJlCx+CA32bw=="],

    "@smithy/fetch-http-handler": ["@smithy/fetch-http-handler@5.3.11", "", { "dependencies": { "@smithy/protocol-http": "^5.3.10", "@smithy/querystring-builder": "^4.2.10", "@smithy/types": "^4.13.0", "@smithy/util-base64": "^4.3.1", "tslib": "^2.6.2" } }, "sha512-wbTRjOxdFuyEg0CpumjZO0hkUl+fetJFqxNROepuLIoijQh51aMBmzFLfoQdwRjxsuuS2jizzIUTjPWgd8pd7g=="],

    "@smithy/hash-blob-browser": ["@smithy/hash-blob-browser@4.2.11", "", { "dependencies": { "@smithy/chunked-blob-reader": "^5.2.1", "@smithy/chunked-blob-reader-native": "^4.2.2", "@smithy/types": "^4.13.0", "tslib": "^2.6.2" } }, "sha512-DrcAx3PM6AEbWZxsKl6CWAGnVwiz28Wp1ZhNu+Hi4uI/6C1PIZBIaPM2VoqBDAsOWbM6ZVzOEQMxFLLdmb4eBQ=="],

    "@smithy/hash-node": ["@smithy/hash-node@4.2.10", "", { "dependencies": { "@smithy/types": "^4.13.0", "@smithy/util-buffer-from": "^4.2.1", "@smithy/util-utf8": "^4.2.1", "tslib": "^2.6.2" } }, "sha512-1VzIOI5CcsvMDvP3iv1vG/RfLJVVVc67dCRyLSB2Hn9SWCZrDO3zvcIzj3BfEtqRW5kcMg5KAeVf1K3dR6nD3w=="],

    "@smithy/hash-stream-node": ["@smithy/hash-stream-node@4.2.10", "", { "dependencies": { "@smithy/types": "^4.13.0", "@smithy/util-utf8": "^4.2.1", "tslib": "^2.6.2" } }, "sha512-w78xsYrOlwXKwN5tv1GnKIRbHb1HygSpeZMP6xDxCPGf1U/xDHjCpJu64c5T35UKyEPwa0bPeIcvU69VY3khUA=="],

    "@smithy/invalid-dependency": ["@smithy/invalid-dependency@4.2.10", "", { "dependencies": { "@smithy/types": "^4.13.0", "tslib": "^2.6.2" } }, "sha512-vy9KPNSFUU0ajFYk0sDZIYiUlAWGEAhRfehIr5ZkdFrRFTAuXEPUd41USuqHU6vvLX4r6Q9X7MKBco5+Il0Org=="],

    "@smithy/is-array-buffer": ["@smithy/is-array-buffer@4.2.1", "", { "dependencies": { "tslib": "^2.6.2" } }, "sha512-Yfu664Qbf1B4IYIsYgKoABt010daZjkaCRvdU/sPnZG6TtHOB0md0RjNdLGzxe5UIdn9js4ftPICzmkRa9RJ4Q=="],

    "@smithy/md5-js": ["@smithy/md5-js@4.2.10", "", { "dependencies": { "@smithy/types": "^4.13.0", "@smithy/util-utf8": "^4.2.1", "tslib": "^2.6.2" } }, "sha512-Op+Dh6dPLWTjWITChFayDllIaCXRofOed8ecpggTC5fkh8yXes0vAEX7gRUfjGK+TlyxoCAA05gHbZW/zB9JwQ=="],

    "@smithy/middleware-content-length": ["@smithy/middleware-content-length@4.2.10", "", { "dependencies": { "@smithy/protocol-http": "^5.3.10", "@smithy/types": "^4.13.0", "tslib": "^2.6.2" } }, "sha512-TQZ9kX5c6XbjhaEBpvhSvMEZ0klBs1CFtOdPFwATZSbC9UeQfKHPLPN9Y+I6wZGMOavlYTOlHEPDrt42PMSH9w=="],

    "@smithy/middleware-endpoint": ["@smithy/middleware-endpoint@4.4.20", "", { "dependencies": { "@smithy/core": "^3.23.6", "@smithy/middleware-serde": "^4.2.11", "@smithy/node-config-provider": "^4.3.10", "@smithy/shared-ini-file-loader": "^4.4.5", "@smithy/types": "^4.13.0", "@smithy/url-parser": "^4.2.10", "@smithy/util-middleware": "^4.2.10", "tslib": "^2.6.2" } }, "sha512-9W6Np4ceBP3XCYAGLoMCmn8t2RRVzuD1ndWPLBbv7H9CrwM9Bprf6Up6BM9ZA/3alodg0b7Kf6ftBK9R1N04vw=="],

    "@smithy/middleware-retry": ["@smithy/middleware-retry@4.4.37", "", { "dependencies": { "@smithy/node-config-provider": "^4.3.10", "@smithy/protocol-http": "^5.3.10", "@smithy/service-error-classification": "^4.2.10", "@smithy/smithy-client": "^4.12.0", "@smithy/types": "^4.13.0", "@smithy/util-middleware": "^4.2.10", "@smithy/util-retry": "^4.2.10", "@smithy/uuid": "^1.1.1", "tslib": "^2.6.2" } }, "sha512-/1psZZllBBSQ7+qo5+hhLz7AEPGLx3Z0+e3ramMBEuPK2PfvLK4SrncDB9VegX5mBn+oP/UTDrM6IHrFjvX1ZA=="],

    "@smithy/middleware-serde": ["@smithy/middleware-serde@4.2.11", "", { "dependencies": { "@smithy/protocol-http": "^5.3.10", "@smithy/types": "^4.13.0", "tslib": "^2.6.2" } }, "sha512-STQdONGPwbbC7cusL60s7vOa6He6A9w2jWhoapL0mgVjmR19pr26slV+yoSP76SIssMTX/95e5nOZ6UQv6jolg=="],

    "@smithy/middleware-stack": ["@smithy/middleware-stack@4.2.10", "", { "dependencies": { "@smithy/types": "^4.13.0", "tslib": "^2.6.2" } }, "sha512-pmts/WovNcE/tlyHa8z/groPeOtqtEpp61q3W0nW1nDJuMq/x+hWa/OVQBtgU0tBqupeXq0VBOLA4UZwE8I0YA=="],

    "@smithy/node-config-provider": ["@smithy/node-config-provider@4.3.10", "", { "dependencies": { "@smithy/property-provider": "^4.2.10", "@smithy/shared-ini-file-loader": "^4.4.5", "@smithy/types": "^4.13.0", "tslib": "^2.6.2" } }, "sha512-UALRbJtVX34AdP2VECKVlnNgidLHA2A7YgcJzwSBg1hzmnO/bZBHl/LDQQyYifzUwp1UOODnl9JJ3KNawpUJ9w=="],

    "@smithy/node-http-handler": ["@smithy/node-http-handler@4.4.12", "", { "dependencies": { "@smithy/abort-controller": "^4.2.10", "@smithy/protocol-http": "^5.3.10", "@smithy/querystring-builder": "^4.2.10", "@smithy/types": "^4.13.0", "tslib": "^2.6.2" } }, "sha512-zo1+WKJkR9x7ZtMeMDAAsq2PufwiLDmkhcjpWPRRkmeIuOm6nq1qjFICSZbnjBvD09ei8KMo26BWxsu2BUU+5w=="],

    "@smithy/property-provider": ["@smithy/property-provider@4.2.10", "", { "dependencies": { "@smithy/types": "^4.13.0", "tslib": "^2.6.2" } }, "sha512-5jm60P0CU7tom0eNrZ7YrkgBaoLFXzmqB0wVS+4uK8PPGmosSrLNf6rRd50UBvukztawZ7zyA8TxlrKpF5z9jw=="],

    "@smithy/protocol-http": ["@smithy/protocol-http@5.3.10", "", { "dependencies": { "@smithy/types": "^4.13.0", "tslib": "^2.6.2" } }, "sha512-2NzVWpYY0tRdfeCJLsgrR89KE3NTWT2wGulhNUxYlRmtRmPwLQwKzhrfVaiNlA9ZpJvbW7cjTVChYKgnkqXj1A=="],

    "@smithy/querystring-builder": ["@smithy/querystring-builder@4.2.10", "", { "dependencies": { "@smithy/types": "^4.13.0", "@smithy/util-uri-escape": "^4.2.1", "tslib": "^2.6.2" } }, "sha512-HeN7kEvuzO2DmAzLukE9UryiUvejD3tMp9a1D1NJETerIfKobBUCLfviP6QEk500166eD2IATaXM59qgUI+YDA=="],

    "@smithy/querystring-parser": ["@smithy/querystring-parser@4.2.10", "", { "dependencies": { "@smithy/types": "^4.13.0", "tslib": "^2.6.2" } }, "sha512-4Mh18J26+ao1oX5wXJfWlTT+Q1OpDR8ssiC9PDOuEgVBGloqg18Fw7h5Ct8DyT9NBYwJgtJ2nLjKKFU6RP1G1Q=="],

    "@smithy/service-error-classification": ["@smithy/service-error-classification@4.2.10", "", { "dependencies": { "@smithy/types": "^4.13.0" } }, "sha512-0R/+/Il5y8nB/By90o8hy/bWVYptbIfvoTYad0igYQO5RefhNCDmNzqxaMx7K1t/QWo0d6UynqpqN5cCQt1MCg=="],

    "@smithy/shared-ini-file-loader": ["@smithy/shared-ini-file-loader@4.4.5", "", { "dependencies": { "@smithy/types": "^4.13.0", "tslib": "^2.6.2" } }, "sha512-pHgASxl50rrtOztgQCPmOXFjRW+mCd7ALr/3uXNzRrRoGV5G2+78GOsQ3HlQuBVHCh9o6xqMNvlIKZjWn4Euug=="],

    "@smithy/signature-v4": ["@smithy/signature-v4@5.3.10", "", { "dependencies": { "@smithy/is-array-buffer": "^4.2.1", "@smithy/protocol-http": "^5.3.10", "@smithy/types": "^4.13.0", "@smithy/util-hex-encoding": "^4.2.1", "@smithy/util-middleware": "^4.2.10", "@smithy/util-uri-escape": "^4.2.1", "@smithy/util-utf8": "^4.2.1", "tslib": "^2.6.2" } }, "sha512-Wab3wW8468WqTKIxI+aZe3JYO52/RYT/8sDOdzkUhjnLakLe9qoQqIcfih/qxcF4qWEFoWBszY0mj5uxffaVXA=="],

    "@smithy/smithy-client": ["@smithy/smithy-client@4.12.0", "", { "dependencies": { "@smithy/core": "^3.23.6", "@smithy/middleware-endpoint": "^4.4.20", "@smithy/middleware-stack": "^4.2.10", "@smithy/protocol-http": "^5.3.10", "@smithy/types": "^4.13.0", "@smithy/util-stream": "^4.5.15", "tslib": "^2.6.2" } }, "sha512-R8bQ9K3lCcXyZmBnQqUZJF4ChZmtWT5NLi6x5kgWx5D+/j0KorXcA0YcFg/X5TOgnTCy1tbKc6z2g2y4amFupQ=="],

    "@smithy/types": ["@smithy/types@4.13.0", "", { "dependencies": { "tslib": "^2.6.2" } }, "sha512-COuLsZILbbQsdrwKQpkkpyep7lCsByxwj7m0Mg5v66/ZTyenlfBc40/QFQ5chO0YN/PNEH1Bi3fGtfXPnYNeDw=="],

    "@smithy/url-parser": ["@smithy/url-parser@4.2.10", "", { "dependencies": { "@smithy/querystring-parser": "^4.2.10", "@smithy/types": "^4.13.0", "tslib": "^2.6.2" } }, "sha512-uypjF7fCDsRk26u3qHmFI/ePL7bxxB9vKkE+2WKEciHhz+4QtbzWiHRVNRJwU3cKhrYDYQE3b0MRFtqfLYdA4A=="],

    "@smithy/util-base64": ["@smithy/util-base64@4.3.1", "", { "dependencies": { "@smithy/util-buffer-from": "^4.2.1", "@smithy/util-utf8": "^4.2.1", "tslib": "^2.6.2" } }, "sha512-BKGuawX4Doq/bI/uEmg+Zyc36rJKWuin3py89PquXBIBqmbnJwBBsmKhdHfNEp0+A4TDgLmT/3MSKZ1SxHcR6w=="],

    "@smithy/util-body-length-browser": ["@smithy/util-body-length-browser@4.2.1", "", { "dependencies": { "tslib": "^2.6.2" } }, "sha512-SiJeLiozrAoCrgDBUgsVbmqHmMgg/2bA15AzcbcW+zan7SuyAVHN4xTSbq0GlebAIwlcaX32xacnrG488/J/6g=="],

    "@smithy/util-body-length-node": ["@smithy/util-body-length-node@4.2.2", "", { "dependencies": { "tslib": "^2.6.2" } }, "sha512-4rHqBvxtJEBvsZcFQSPQqXP2b/yy/YlB66KlcEgcH2WNoOKCKB03DSLzXmOsXjbl8dJ4OEYTn31knhdznwk7zw=="],

    "@smithy/util-buffer-from": ["@smithy/util-buffer-from@4.2.1", "", { "dependencies": { "@smithy/is-array-buffer": "^4.2.1", "tslib": "^2.6.2" } }, "sha512-/swhmt1qTiVkaejlmMPPDgZhEaWb/HWMGRBheaxwuVkusp/z+ErJyQxO6kaXumOciZSWlmq6Z5mNylCd33X7Ig=="],

    "@smithy/util-config-provider": ["@smithy/util-config-provider@4.2.1", "", { "dependencies": { "tslib": "^2.6.2" } }, "sha512-462id/00U8JWFw6qBuTSWfN5TxOHvDu4WliI97qOIOnuC/g+NDAknTU8eoGXEPlLkRVgWEr03jJBLV4o2FL8+A=="],

    "@smithy/util-defaults-mode-browser": ["@smithy/util-defaults-mode-browser@4.3.36", "", { "dependencies": { "@smithy/property-provider": "^4.2.10", "@smithy/smithy-client": "^4.12.0", "@smithy/types": "^4.13.0", "tslib": "^2.6.2" } }, "sha512-R0smq7EHQXRVMxkAxtH5akJ/FvgAmNF6bUy/GwY/N20T4GrwjT633NFm0VuRpC+8Bbv8R9A0DoJ9OiZL/M3xew=="],

    "@smithy/util-defaults-mode-node": ["@smithy/util-defaults-mode-node@4.2.39", "", { "dependencies": { "@smithy/config-resolver": "^4.4.9", "@smithy/credential-provider-imds": "^4.2.10", "@smithy/node-config-provider": "^4.3.10", "@smithy/property-provider": "^4.2.10", "@smithy/smithy-client": "^4.12.0", "@smithy/types": "^4.13.0", "tslib": "^2.6.2" } }, "sha512-otWuoDm35btJV1L8MyHrPl462B07QCdMTktKc7/yM+Psv6KbED/ziXiHnmr7yPHUjfIwE9S8Max0LO24Mo3ZVg=="],

    "@smithy/util-endpoints": ["@smithy/util-endpoints@3.3.1", "", { "dependencies": { "@smithy/node-config-provider": "^4.3.10", "@smithy/types": "^4.13.0", "tslib": "^2.6.2" } }, "sha512-xyctc4klmjmieQiF9I1wssBWleRV0RhJ2DpO8+8yzi2LO1Z+4IWOZNGZGNj4+hq9kdo+nyfrRLmQTzc16Op2Vg=="],

    "@smithy/util-hex-encoding": ["@smithy/util-hex-encoding@4.2.1", "", { "dependencies": { "tslib": "^2.6.2" } }, "sha512-c1hHtkgAWmE35/50gmdKajgGAKV3ePJ7t6UtEmpfCWJmQE9BQAQPz0URUVI89eSkcDqCtzqllxzG28IQoZPvwA=="],

    "@smithy/util-middleware": ["@smithy/util-middleware@4.2.10", "", { "dependencies": { "@smithy/types": "^4.13.0", "tslib": "^2.6.2" } }, "sha512-LxaQIWLp4y0r72eA8mwPNQ9va4h5KeLM0I3M/HV9klmFaY2kN766wf5vsTzmaOpNNb7GgXAd9a25P3h8T49PSA=="],

    "@smithy/util-retry": ["@smithy/util-retry@4.2.10", "", { "dependencies": { "@smithy/service-error-classification": "^4.2.10", "@smithy/types": "^4.13.0", "tslib": "^2.6.2" } }, "sha512-HrBzistfpyE5uqTwiyLsFHscgnwB0kgv8vySp7q5kZ0Eltn/tjosaSGGDj/jJ9ys7pWzIP/icE2d+7vMKXLv7A=="],

    "@smithy/util-stream": ["@smithy/util-stream@4.5.15", "", { "dependencies": { "@smithy/fetch-http-handler": "^5.3.11", "@smithy/node-http-handler": "^4.4.12", "@smithy/types": "^4.13.0", "@smithy/util-base64": "^4.3.1", "@smithy/util-buffer-from": "^4.2.1", "@smithy/util-hex-encoding": "^4.2.1", "@smithy/util-utf8": "^4.2.1", "tslib": "^2.6.2" } }, "sha512-OlOKnaqnkU9X+6wEkd7mN+WB7orPbCVDauXOj22Q7VtiTkvy7ZdSsOg4QiNAZMgI4OkvNf+/VLUC3VXkxuWJZw=="],

    "@smithy/util-uri-escape": ["@smithy/util-uri-escape@4.2.1", "", { "dependencies": { "tslib": "^2.6.2" } }, "sha512-YmiUDn2eo2IOiWYYvGQkgX5ZkBSiTQu4FlDo5jNPpAxng2t6Sjb6WutnZV9l6VR4eJul1ABmCrnWBC9hKHQa6Q=="],

    "@smithy/util-utf8": ["@smithy/util-utf8@4.2.1", "", { "dependencies": { "@smithy/util-buffer-from": "^4.2.1", "tslib": "^2.6.2" } }, "sha512-DSIwNaWtmzrNQHv8g7DBGR9mulSit65KSj5ymGEIAknmIN8IpbZefEep10LaMG/P/xquwbmJ1h9ectz8z6mV6g=="],

    "@smithy/util-waiter": ["@smithy/util-waiter@4.2.10", "", { "dependencies": { "@smithy/abort-controller": "^4.2.10", "@smithy/types": "^4.13.0", "tslib": "^2.6.2" } }, "sha512-4eTWph/Lkg1wZEDAyObwme0kmhEb7J/JjibY2znJdrYRgKbKqB7YoEhhJVJ4R1g/SYih4zuwX7LpJaM8RsnTVg=="],

    "@smithy/uuid": ["@smithy/uuid@1.1.1", "", { "dependencies": { "tslib": "^2.6.2" } }, "sha512-dSfDCeihDmZlV2oyr0yWPTUfh07suS+R5OB+FZGiv/hHyK3hrFBW5rR1UYjfa57vBsrP9lciFkRPzebaV1Qujw=="],

    "@types/bun": ["@types/bun@1.3.9", "", { "dependencies": { "bun-types": "1.3.9" } }, "sha512-KQ571yULOdWJiMH+RIWIOZ7B2RXQGpL1YQrBtLIV3FqDcCu6FsbFUBwhdKUlCKUpS3PJDsHlJ1QKlpxoVR+xtw=="],

    "@types/node": ["@types/node@25.3.0", "", { "dependencies": { "undici-types": "~7.18.0" } }, "sha512-4K3bqJpXpqfg2XKGK9bpDTc6xO/xoUP/RBWS7AtRMug6zZFaRekiLzjVtAoZMquxoAbzBvy5nxQ7veS5eYzf8A=="],

    "bowser": ["bowser@2.14.1", "", {}, "sha512-tzPjzCxygAKWFOJP011oxFHs57HzIhOEracIgAePE4pqB3LikALKnSzUyU4MGs9/iCEUuHlAJTjTc5M+u7YEGg=="],

    "bun-types": ["bun-types@1.3.9", "", { "dependencies": { "@types/node": "*" } }, "sha512-+UBWWOakIP4Tswh0Bt0QD0alpTY8cb5hvgiYeWCMet9YukHbzuruIEeXC2D7nMJPB12kbh8C7XJykSexEqGKJg=="],

    "cluster-key-slot": ["cluster-key-slot@1.1.2", "", {}, "sha512-RMr0FhtfXemyinomL4hrWcYJxmX6deFdCxpJzhDttxgO1+bcCnkk+9drydLVDmAMG7NE6aN/fl4F7ucU/90gAA=="],

    "debug": ["debug@4.4.3", "", { "dependencies": { "ms": "^2.1.3" } }, "sha512-RGwwWnwQvkVfavKVt22FGLw+xYSdzARwm0ru6DhTVA3umU5hZc28V3kO4stgYryrTlLpuvgI9GiijltAjNbcqA=="],

    "denque": ["denque@2.1.0", "", {}, "sha512-HVQE3AAb/pxF8fQAoiqpvg9i3evqug3hoiwakOyZAwJm+6vZehbkYXZ0l4JxS+I3QxM97v5aaRNhj8v5oBhekw=="],

    "fast-xml-parser": ["fast-xml-parser@5.3.6", "", { "dependencies": { "strnum": "^2.1.2" }, "bin": { "fxparser": "src/cli/cli.js" } }, "sha512-QNI3sAvSvaOiaMl8FYU4trnEzCwiRr8XMWgAHzlrWpTSj+QaCSvOf1h82OEP1s4hiAXhnbXSyFWCf4ldZzZRVA=="],

    "hono": ["hono@4.12.2", "", {}, "sha512-gJnaDHXKDayjt8ue0n8Gs0A007yKXj4Xzb8+cNjZeYsSzzwKc0Lr+OZgYwVfB0pHfUs17EPoLvrOsEaJ9mj+Tg=="],

    "ioredis": ["ioredis@5.9.3", "", { "dependencies": { "@ioredis/commands": "1.5.0", "cluster-key-slot": "^1.1.0", "debug": "^4.3.4", "denque": "^2.1.0", "lodash.defaults": "^4.2.0", "lodash.isarguments": "^3.1.0", "redis-errors": "^1.2.0", "redis-parser": "^3.0.0", "standard-as-callback": "^2.1.0" } }, "sha512-VI5tMCdeoxZWU5vjHWsiE/Su76JGhBvWF1MJnV9ZtGltHk9BmD48oDq8Tj8haZ85aceXZMxLNDQZRVo5QKNgXA=="],

    "lodash.defaults": ["lodash.defaults@4.2.0", "", {}, "sha512-qjxPLHd3r5DnsdGacqOMU6pb/avJzdh9tFX2ymgoZE27BmjXrNy/y4LoaiTeAb+O3gL8AfpJGtqfX/ae2leYYQ=="],

    "lodash.isarguments": ["lodash.isarguments@3.1.0", "", {}, "sha512-chi4NHZlZqZD18a0imDHnZPrDeBbTtVN7GXMwuGdRH9qotxAjYs3aVLKc7zNOG9eddR5Ksd8rvFEBc9SsggPpg=="],

    "ms": ["ms@2.1.3", "", {}, "sha512-6FlzubTLZG3J2a/NVCAleEhjzq5oxgHyaCU9yYXvcLsvoVaHJq/s5xXI6/XXP6tz7R9xAOtHnSO/tXtF3WRTlA=="],

    "nats": ["nats@2.29.3", "", { "dependencies": { "nkeys.js": "1.1.0" } }, "sha512-tOQCRCwC74DgBTk4pWZ9V45sk4d7peoE2njVprMRCBXrhJ5q5cYM7i6W+Uvw2qUrcfOSnuisrX7bEx3b3Wx4QA=="],

    "nkeys.js": ["nkeys.js@1.1.0", "", { "dependencies": { "tweetnacl": "1.0.3" } }, "sha512-tB/a0shZL5UZWSwsoeyqfTszONTt4k2YS0tuQioMOD180+MbombYVgzDUYHlx+gejYK6rgf08n/2Df99WY0Sxg=="],

    "postgres": ["postgres@3.4.8", "", {}, "sha512-d+JFcLM17njZaOLkv6SCev7uoLaBtfK86vMUXhW1Z4glPWh4jozno9APvW/XKFJ3CCxVoC7OL38BqRydtu5nGg=="],

    "redis-errors": ["redis-errors@1.2.0", "", {}, "sha512-1qny3OExCf0UvUV/5wpYKf2YwPcOqXzkwKKSmKHiE6ZMQs5heeE/c8eXK+PNllPvmjgAbfnsbpkGZWy8cBpn9w=="],

    "redis-parser": ["redis-parser@3.0.0", "", { "dependencies": { "redis-errors": "^1.0.0" } }, "sha512-DJnGAeenTdpMEH6uAJRK/uiyEIH9WVsUmoLwzudwGJUwZPp80PDBWPHXSAGNPwNvIXAbe7MSUB1zQFugFml66A=="],

    "standard-as-callback": ["standard-as-callback@2.1.0", "", {}, "sha512-qoRRSyROncaz1z0mvYqIE4lCd9p2R90i6GxW3uZv5ucSu8tU7B5HXUP1gG8pVZsYNVaXjk8ClXHPttLyxAL48A=="],

    "strnum": ["strnum@2.1.2", "", {}, "sha512-l63NF9y/cLROq/yqKXSLtcMeeyOfnSQlfMSlzFt/K73oIaD8DGaQWd7Z34X9GPiKqP5rbSh84Hl4bOlLcjiSrQ=="],

    "tslib": ["tslib@2.8.1", "", {}, "sha512-oJFu94HQb+KVduSUQL7wnpmqnfmLsOA/nAh6b6EH0wCEoK0/mPeXU6c3wKDV83MkOuHPRHtSXKKU99IBazS/2w=="],

    "tweetnacl": ["tweetnacl@1.0.3", "", {}, "sha512-6rt+RN7aOi1nGMyC4Xa5DdYiukl2UWCbcJft7YhxReBGQD7OAM8Pbxw6YMo4r2diNEA8FEmu32YOn9rhaiE5yw=="],

    "typescript": ["typescript@5.9.3", "", { "bin": { "tsc": "bin/tsc", "tsserver": "bin/tsserver" } }, "sha512-jl1vZzPDinLr9eUt3J/t7V6FgNEw9QjvBPdysz9KfQDD41fQrC2Y4vKQdiaUpFT4bXlb1RHhLpp8wtm6M5TgSw=="],

    "undici-types": ["undici-types@7.18.2", "", {}, "sha512-AsuCzffGHJybSaRrmr5eHr81mwJU3kjw6M+uprWvCXiNeN9SOGwQ3Jn8jb8m3Z6izVgknn1R0FTCEAP2QrLY/w=="],

    "@aws-crypto/sha1-browser/@smithy/util-utf8": ["@smithy/util-utf8@2.3.0", "", { "dependencies": { "@smithy/util-buffer-from": "^2.2.0", "tslib": "^2.6.2" } }, "sha512-R8Rdn8Hy72KKcebgLiv8jQcQkXoLMOGGv5uI1/k0l+snqkOzQ1R0ChUBCxWMlBsFMekWjq0wRudIweFs7sKT5A=="],

    "@aws-crypto/sha256-browser/@smithy/util-utf8": ["@smithy/util-utf8@2.3.0", "", { "dependencies": { "@smithy/util-buffer-from": "^2.2.0", "tslib": "^2.6.2" } }, "sha512-R8Rdn8Hy72KKcebgLiv8jQcQkXoLMOGGv5uI1/k0l+snqkOzQ1R0ChUBCxWMlBsFMekWjq0wRudIweFs7sKT5A=="],

    "@aws-crypto/util/@smithy/util-utf8": ["@smithy/util-utf8@2.3.0", "", { "dependencies": { "@smithy/util-buffer-from": "^2.2.0", "tslib": "^2.6.2" } }, "sha512-R8Rdn8Hy72KKcebgLiv8jQcQkXoLMOGGv5uI1/k0l+snqkOzQ1R0ChUBCxWMlBsFMekWjq0wRudIweFs7sKT5A=="],

    "@aws-crypto/sha1-browser/@smithy/util-utf8/@smithy/util-buffer-from": ["@smithy/util-buffer-from@2.2.0", "", { "dependencies": { "@smithy/is-array-buffer": "^2.2.0", "tslib": "^2.6.2" } }, "sha512-IJdWBbTcMQ6DA0gdNhh/BwrLkDR+ADW5Kr1aZmd4k3DIF6ezMV4R2NIAmT08wQJ3yUK82thHWmC/TnK/wpMMIA=="],

    "@aws-crypto/sha256-browser/@smithy/util-utf8/@smithy/util-buffer-from": ["@smithy/util-buffer-from@2.2.0", "", { "dependencies": { "@smithy/is-array-buffer": "^2.2.0", "tslib": "^2.6.2" } }, "sha512-IJdWBbTcMQ6DA0gdNhh/BwrLkDR+ADW5Kr1aZmd4k3DIF6ezMV4R2NIAmT08wQJ3yUK82thHWmC/TnK/wpMMIA=="],

    "@aws-crypto/util/@smithy/util-utf8/@smithy/util-buffer-from": ["@smithy/util-buffer-from@2.2.0", "", { "dependencies": { "@smithy/is-array-buffer": "^2.2.0", "tslib": "^2.6.2" } }, "sha512-IJdWBbTcMQ6DA0gdNhh/BwrLkDR+ADW5Kr1aZmd4k3DIF6ezMV4R2NIAmT08wQJ3yUK82thHWmC/TnK/wpMMIA=="],

    "@aws-crypto/sha1-browser/@smithy/util-utf8/@smithy/util-buffer-from/@smithy/is-array-buffer": ["@smithy/is-array-buffer@2.2.0", "", { "dependencies": { "tslib": "^2.6.2" } }, "sha512-GGP3O9QFD24uGeAXYUjwSTXARoqpZykHadOmA8G5vfJPK0/DC67qa//0qvqrJzL1xc8WQWX7/yc7fwudjPHPhA=="],

    "@aws-crypto/sha256-browser/@smithy/util-utf8/@smithy/util-buffer-from/@smithy/is-array-buffer": ["@smithy/is-array-buffer@2.2.0", "", { "dependencies": { "tslib": "^2.6.2" } }, "sha512-GGP3O9QFD24uGeAXYUjwSTXARoqpZykHadOmA8G5vfJPK0/DC67qa//0qvqrJzL1xc8WQWX7/yc7fwudjPHPhA=="],

    "@aws-crypto/util/@smithy/util-utf8/@smithy/util-buffer-from/@smithy/is-array-buffer": ["@smithy/is-array-buffer@2.2.0", "", { "dependencies": { "tslib": "^2.6.2" } }, "sha512-GGP3O9QFD24uGeAXYUjwSTXARoqpZykHadOmA8G5vfJPK0/DC67qa//0qvqrJzL1xc8WQWX7/yc7fwudjPHPhA=="],
  }
}
